
Microsoft Visual Studio Solution File, Format Version 11.00
# Visual Studio 2010
Project("{8BC9CEB8-8B4A-11D0-8D11-00A0C91BC942}") = "MCAD", "MCAD.vcxproj", "{34B574E2-2E81-4314-93BE-BFCAAC94577A}"
EndProject
Project("{8BC9CEB8-8B4A-11D0-8D11-00A0C91BC942}") = "MBasic", "..\MBasic\MBasic.vcxproj", "{25A734A6-D39C-4027-8F08-C84477C5B255}"
EndProject
Project("{8BC9CEB8-8B4A-11D0-8D11-00A0C91BC942}") = "MCmd1", "..\MCmd1\MCmd1.vcxproj", "{23A4D31A-7F75-4927-AC02-44DD8CCDFB21}"
EndProject
Project("{8BC9CEB8-8B4A-11D0-8D11-00A0C91BC942}") = "MCmd", "..\MCmd\MCmd.vcxproj", "{27204C75-B1E6-4741-9738-BD30E85F13CD}"
EndProject
Project("{8BC9CEB8-8B4A-11D0-8D11-00A0C91BC942}") = "MGeo", "..\MGeo\MGeo.vcxproj", "{185998A9-40A4-4D62-88D0-3FA43D6714C7}"
EndProject
Project("{8BC9CEB8-8B4A-11D0-8D11-00A0C91BC942}") = "MWin", "..\MWin\MWin.vcxproj", "{A5392AAA-9E07-4EC7-AC16-3972E746F1C7}"
EndProject
Project("{8BC9CEB8-8B4A-11D0-8D11-00A0C91BC942}") = "MCmd2", "..\MCmd2\MCmd2.vcxproj", "{B4EAE52A-9CA9-46A0-9275-CAC88E24517C}"
EndProject
Project("{8BC9CEB8-8B4A-11D0-8D11-00A0C91BC942}") = "MSub", "..\MSub\MSub.vcxproj", "{515CBA8E-E7FB-41ED-A812-9476A025BF83}"
EndProject
Project("{8BC9CEB8-8B4A-11D0-8D11-00A0C91BC942}") = "MCmd3", "..\MCmd3\MCmd3.vcxproj", "{11F8D232-7F21-45A2-A8A9-528CA32819A9}"
EndProject
Project("{8BC9CEB8-8B4A-11D0-8D11-00A0C91BC942}") = "MCmd4", "..\MCmd4\MCmd4.vcxproj", "{752BE1A1-3965-4A8B-955E-327610130772}"
EndProject
Project("{8BC9CEB8-8B4A-11D0-8D11-00A0C91BC942}") = "MCmd5", "..\MCmd5\MCmd5.vcxproj", "{20C03307-99C9-422B-B63F-17A53BFE3172}"
EndProject
Project("{8BC9CEB8-8B4A-11D0-8D11-00A0C91BC942}") = "MCmd6", "..\MCmd6\MCmd6.vcxproj", "{AE4BE979-A5F8-41E5-BF8D-F34D44E9146A}"
EndProject
Project("{8BC9CEB8-8B4A-11D0-8D11-00A0C91BC942}") = "MCmd7", "..\MCmd7\MCmd7.vcxproj", "{C3BAA5CD-68CE-4D38-823A-3BA97EFE4D3A}"
EndProject
Project("{8BC9CEB8-8B4A-11D0-8D11-00A0C91BC942}") = "Md", "..\Md\Md.vcxproj", "{CCD4CAA7-7DCD-4270-9CB2-AAC7A88061B6}"
EndProject
Project("{8BC9CEB8-8B4A-11D0-8D11-00A0C91BC942}") = "Mn", "..\Mn\Mn.vcxproj", "{27E9AF65-F26D-4611-A564-BD27859BF47A}"
EndProject
Global
	GlobalSection(SolutionConfigurationPlatforms) = preSolution
		Debug|Win32 = Debug|Win32
		Debug|x64 = Debug|x64
		Release|Win32 = Release|Win32
		Release|x64 = Release|x64
	EndGlobalSection
	GlobalSection(ProjectConfigurationPlatforms) = postSolution
		{34B574E2-2E81-4314-93BE-BFCAAC94577A}.Debug|Win32.ActiveCfg = Debug|Win32
		{34B574E2-2E81-4314-93BE-BFCAAC94577A}.Debug|Win32.Build.0 = Debug|Win32
		{34B574E2-2E81-4314-93BE-BFCAAC94577A}.Debug|x64.ActiveCfg = Debug|x64
		{34B574E2-2E81-4314-93BE-BFCAAC94577A}.Debug|x64.Build.0 = Debug|x64
		{34B574E2-2E81-4314-93BE-BFCAAC94577A}.Release|Win32.ActiveCfg = Release|Win32
		{34B574E2-2E81-4314-93BE-BFCAAC94577A}.Release|Win32.Build.0 = Release|Win32
		{34B574E2-2E81-4314-93BE-BFCAAC94577A}.Release|x64.ActiveCfg = Release|x64
		{34B574E2-2E81-4314-93BE-BFCAAC94577A}.Release|x64.Build.0 = Release|x64
		{25A734A6-D39C-4027-8F08-C84477C5B255}.Debug|Win32.ActiveCfg = Debug|Win32
		{25A734A6-D39C-4027-8F08-C84477C5B255}.Debug|Win32.Build.0 = Debug|Win32
		{25A734A6-D39C-4027-8F08-C84477C5B255}.Debug|x64.ActiveCfg = Debug|x64
		{25A734A6-D39C-4027-8F08-C84477C5B255}.Debug|x64.Build.0 = Debug|x64
		{25A734A6-D39C-4027-8F08-C84477C5B255}.Release|Win32.ActiveCfg = Release|Win32
		{25A734A6-D39C-4027-8F08-C84477C5B255}.Release|Win32.Build.0 = Release|Win32
		{25A734A6-D39C-4027-8F08-C84477C5B255}.Release|x64.ActiveCfg = Release|x64
		{25A734A6-D39C-4027-8F08-C84477C5B255}.Release|x64.Build.0 = Release|x64
		{23A4D31A-7F75-4927-AC02-44DD8CCDFB21}.Debug|Win32.ActiveCfg = Debug|Win32
		{23A4D31A-7F75-4927-AC02-44DD8CCDFB21}.Debug|Win32.Build.0 = Debug|Win32
		{23A4D31A-7F75-4927-AC02-44DD8CCDFB21}.Debug|x64.ActiveCfg = Debug|x64
		{23A4D31A-7F75-4927-AC02-44DD8CCDFB21}.Debug|x64.Build.0 = Debug|x64
		{23A4D31A-7F75-4927-AC02-44DD8CCDFB21}.Release|Win32.ActiveCfg = Release|Win32
		{23A4D31A-7F75-4927-AC02-44DD8CCDFB21}.Release|Win32.Build.0 = Release|Win32
		{23A4D31A-7F75-4927-AC02-44DD8CCDFB21}.Release|x64.ActiveCfg = Release|x64
		{23A4D31A-7F75-4927-AC02-44DD8CCDFB21}.Release|x64.Build.0 = Release|x64
		{27204C75-B1E6-4741-9738-BD30E85F13CD}.Debug|Win32.ActiveCfg = Debug|Win32
		{27204C75-B1E6-4741-9738-BD30E85F13CD}.Debug|Win32.Build.0 = Debug|Win32
		{27204C75-B1E6-4741-9738-BD30E85F13CD}.Debug|x64.ActiveCfg = Debug|x64
		{27204C75-B1E6-4741-9738-BD30E85F13CD}.Debug|x64.Build.0 = Debug|x64
		{27204C75-B1E6-4741-9738-BD30E85F13CD}.Release|Win32.ActiveCfg = Release|Win32
		{27204C75-B1E6-4741-9738-BD30E85F13CD}.Release|Win32.Build.0 = Release|Win32
		{27204C75-B1E6-4741-9738-BD30E85F13CD}.Release|x64.ActiveCfg = Release|x64
		{27204C75-B1E6-4741-9738-BD30E85F13CD}.Release|x64.Build.0 = Release|x64
		{185998A9-40A4-4D62-88D0-3FA43D6714C7}.Debug|Win32.ActiveCfg = Debug|Win32
		{185998A9-40A4-4D62-88D0-3FA43D6714C7}.Debug|Win32.Build.0 = Debug|Win32
		{185998A9-40A4-4D62-88D0-3FA43D6714C7}.Debug|x64.ActiveCfg = Debug|x64
		{185998A9-40A4-4D62-88D0-3FA43D6714C7}.Debug|x64.Build.0 = Debug|x64
		{185998A9-40A4-4D62-88D0-3FA43D6714C7}.Release|Win32.ActiveCfg = Release|Win32
		{185998A9-40A4-4D62-88D0-3FA43D6714C7}.Release|Win32.Build.0 = Release|Win32
		{185998A9-40A4-4D62-88D0-3FA43D6714C7}.Release|x64.ActiveCfg = Release|x64
		{185998A9-40A4-4D62-88D0-3FA43D6714C7}.Release|x64.Build.0 = Release|x64
		{A5392AAA-9E07-4EC7-AC16-3972E746F1C7}.Debug|Win32.ActiveCfg = Debug|Win32
		{A5392AAA-9E07-4EC7-AC16-3972E746F1C7}.Debug|Win32.Build.0 = Debug|Win32
		{A5392AAA-9E07-4EC7-AC16-3972E746F1C7}.Debug|x64.ActiveCfg = Debug|x64
		{A5392AAA-9E07-4EC7-AC16-3972E746F1C7}.Debug|x64.Build.0 = Debug|x64
		{A5392AAA-9E07-4EC7-AC16-3972E746F1C7}.Release|Win32.ActiveCfg = Release|Win32
		{A5392AAA-9E07-4EC7-AC16-3972E746F1C7}.Release|Win32.Build.0 = Release|Win32
		{A5392AAA-9E07-4EC7-AC16-3972E746F1C7}.Release|x64.ActiveCfg = Release|x64
		{A5392AAA-9E07-4EC7-AC16-3972E746F1C7}.Release|x64.Build.0 = Release|x64
		{B4EAE52A-9CA9-46A0-9275-CAC88E24517C}.Debug|Win32.ActiveCfg = Debug|Win32
		{B4EAE52A-9CA9-46A0-9275-CAC88E24517C}.Debug|Win32.Build.0 = Debug|Win32
		{B4EAE52A-9CA9-46A0-9275-CAC88E24517C}.Debug|x64.ActiveCfg = Debug|x64
		{B4EAE52A-9CA9-46A0-9275-CAC88E24517C}.Debug|x64.Build.0 = Debug|x64
		{B4EAE52A-9CA9-46A0-9275-CAC88E24517C}.Release|Win32.ActiveCfg = Release|Win32
		{B4EAE52A-9CA9-46A0-9275-CAC88E24517C}.Release|Win32.Build.0 = Release|Win32
		{B4EAE52A-9CA9-46A0-9275-CAC88E24517C}.Release|x64.ActiveCfg = Release|x64
		{B4EAE52A-9CA9-46A0-9275-CAC88E24517C}.Release|x64.Build.0 = Release|x64
		{515CBA8E-E7FB-41ED-A812-9476A025BF83}.Debug|Win32.ActiveCfg = Debug|Win32
		{515CBA8E-E7FB-41ED-A812-9476A025BF83}.Debug|Win32.Build.0 = Debug|Win32
		{515CBA8E-E7FB-41ED-A812-9476A025BF83}.Debug|x64.ActiveCfg = Debug|x64
		{515CBA8E-E7FB-41ED-A812-9476A025BF83}.Debug|x64.Build.0 = Debug|x64
		{515CBA8E-E7FB-41ED-A812-9476A025BF83}.Release|Win32.ActiveCfg = Release|Win32
		{515CBA8E-E7FB-41ED-A812-9476A025BF83}.Release|Win32.Build.0 = Release|Win32
		{515CBA8E-E7FB-41ED-A812-9476A025BF83}.Release|x64.ActiveCfg = Release|x64
		{515CBA8E-E7FB-41ED-A812-9476A025BF83}.Release|x64.Build.0 = Release|x64
		{11F8D232-7F21-45A2-A8A9-528CA32819A9}.Debug|Win32.ActiveCfg = Debug|Win32
		{11F8D232-7F21-45A2-A8A9-528CA32819A9}.Debug|Win32.Build.0 = Debug|Win32
		{11F8D232-7F21-45A2-A8A9-528CA32819A9}.Debug|x64.ActiveCfg = Debug|x64
		{11F8D232-7F21-45A2-A8A9-528CA32819A9}.Debug|x64.Build.0 = Debug|x64
		{11F8D232-7F21-45A2-A8A9-528CA32819A9}.Release|Win32.ActiveCfg = Release|Win32
		{11F8D232-7F21-45A2-A8A9-528CA32819A9}.Release|Win32.Build.0 = Release|Win32
		{11F8D232-7F21-45A2-A8A9-528CA32819A9}.Release|x64.ActiveCfg = Release|x64
		{11F8D232-7F21-45A2-A8A9-528CA32819A9}.Release|x64.Build.0 = Release|x64
		{752BE1A1-3965-4A8B-955E-327610130772}.Debug|Win32.ActiveCfg = Debug|Win32
		{752BE1A1-3965-4A8B-955E-327610130772}.Debug|Win32.Build.0 = Debug|Win32
		{752BE1A1-3965-4A8B-955E-327610130772}.Debug|x64.ActiveCfg = Debug|x64
		{752BE1A1-3965-4A8B-955E-327610130772}.Debug|x64.Build.0 = Debug|x64
		{752BE1A1-3965-4A8B-955E-327610130772}.Release|Win32.ActiveCfg = Release|Win32
		{752BE1A1-3965-4A8B-955E-327610130772}.Release|Win32.Build.0 = Release|Win32
		{752BE1A1-3965-4A8B-955E-327610130772}.Release|x64.ActiveCfg = Release|x64
		{752BE1A1-3965-4A8B-955E-327610130772}.Release|x64.Build.0 = Release|x64
		{20C03307-99C9-422B-B63F-17A53BFE3172}.Debug|Win32.ActiveCfg = Debug|Win32
		{20C03307-99C9-422B-B63F-17A53BFE3172}.Debug|Win32.Build.0 = Debug|Win32
		{20C03307-99C9-422B-B63F-17A53BFE3172}.Debug|x64.ActiveCfg = Debug|x64
		{20C03307-99C9-422B-B63F-17A53BFE3172}.Debug|x64.Build.0 = Debug|x64
		{20C03307-99C9-422B-B63F-17A53BFE3172}.Release|Win32.ActiveCfg = Release|Win32
		{20C03307-99C9-422B-B63F-17A53BFE3172}.Release|Win32.Build.0 = Release|Win32
		{20C03307-99C9-422B-B63F-17A53BFE3172}.Release|x64.ActiveCfg = Release|x64
		{20C03307-99C9-422B-B63F-17A53BFE3172}.Release|x64.Build.0 = Release|x64
		{AE4BE979-A5F8-41E5-BF8D-F34D44E9146A}.Debug|Win32.ActiveCfg = Debug|Win32
		{AE4BE979-A5F8-41E5-BF8D-F34D44E9146A}.Debug|Win32.Build.0 = Debug|Win32
		{AE4BE979-A5F8-41E5-BF8D-F34D44E9146A}.Debug|x64.ActiveCfg = Debug|x64
		{AE4BE979-A5F8-41E5-BF8D-F34D44E9146A}.Debug|x64.Build.0 = Debug|x64
		{AE4BE979-A5F8-41E5-BF8D-F34D44E9146A}.Release|Win32.ActiveCfg = Release|Win32
		{AE4BE979-A5F8-41E5-BF8D-F34D44E9146A}.Release|Win32.Build.0 = Release|Win32
		{AE4BE979-A5F8-41E5-BF8D-F34D44E9146A}.Release|x64.ActiveCfg = Release|x64
		{AE4BE979-A5F8-41E5-BF8D-F34D44E9146A}.Release|x64.Build.0 = Release|x64
		{C3BAA5CD-68CE-4D38-823A-3BA97EFE4D3A}.Debug|Win32.ActiveCfg = Debug|Win32
		{C3BAA5CD-68CE-4D38-823A-3BA97EFE4D3A}.Debug|Win32.Build.0 = Debug|Win32
		{C3BAA5CD-68CE-4D38-823A-3BA97EFE4D3A}.Debug|x64.ActiveCfg = Debug|x64
		{C3BAA5CD-68CE-4D38-823A-3BA97EFE4D3A}.Debug|x64.Build.0 = Debug|x64
		{C3BAA5CD-68CE-4D38-823A-3BA97EFE4D3A}.Release|Win32.ActiveCfg = Release|Win32
		{C3BAA5CD-68CE-4D38-823A-3BA97EFE4D3A}.Release|Win32.Build.0 = Release|Win32
		{C3BAA5CD-68CE-4D38-823A-3BA97EFE4D3A}.Release|x64.ActiveCfg = Release|x64
		{C3BAA5CD-68CE-4D38-823A-3BA97EFE4D3A}.Release|x64.Build.0 = Release|x64
		{CCD4CAA7-7DCD-4270-9CB2-AAC7A88061B6}.Debug|Win32.ActiveCfg = Debug|Win32
		{CCD4CAA7-7DCD-4270-9CB2-AAC7A88061B6}.Debug|Win32.Build.0 = Debug|Win32
		{CCD4CAA7-7DCD-4270-9CB2-AAC7A88061B6}.Debug|x64.ActiveCfg = Debug|x64
		{CCD4CAA7-7DCD-4270-9CB2-AAC7A88061B6}.Debug|x64.Build.0 = Debug|x64
		{CCD4CAA7-7DCD-4270-9CB2-AAC7A88061B6}.Release|Win32.ActiveCfg = Release|Win32
		{CCD4CAA7-7DCD-4270-9CB2-AAC7A88061B6}.Release|Win32.Build.0 = Release|Win32
		{CCD4CAA7-7DCD-4270-9CB2-AAC7A88061B6}.Release|x64.ActiveCfg = Release|x64
		{CCD4CAA7-7DCD-4270-9CB2-AAC7A88061B6}.Release|x64.Build.0 = Release|x64
		{27E9AF65-F26D-4611-A564-BD27859BF47A}.Debug|Win32.ActiveCfg = Debug|Win32
		{27E9AF65-F26D-4611-A564-BD27859BF47A}.Debug|Win32.Build.0 = Debug|Win32
		{27E9AF65-F26D-4611-A564-BD27859BF47A}.Debug|x64.ActiveCfg = Debug|x64
		{27E9AF65-F26D-4611-A564-BD27859BF47A}.Debug|x64.Build.0 = Debug|x64
		{27E9AF65-F26D-4611-A564-BD27859BF47A}.Release|Win32.ActiveCfg = Release|Win32
		{27E9AF65-F26D-4611-A564-BD27859BF47A}.Release|Win32.Build.0 = Release|Win32
		{27E9AF65-F26D-4611-A564-BD27859BF47A}.Release|x64.ActiveCfg = Release|x64
		{27E9AF65-F26D-4611-A564-BD27859BF47A}.Release|x64.Build.0 = Release|x64
	EndGlobalSection
	GlobalSection(SolutionProperties) = preSolution
		HideSolutionNode = FALSE
	EndGlobalSection
EndGlobal
